
Microsoft Visual Studio Solution File, Format Version 12.00
# Visual Studio Version 16
VisualStudioVersion = 16.0.28917.181
MinimumVisualStudioVersion = 10.0.40219.1
Project("{9A19103F-16F7-4668-BE54-9A1E7A4F7556}") = "Mondop.Data.Sql", "Mondop.Data.Sql\Mondop.Data.Sql.csproj", "{7BCECF22-361F-48E9-A006-D104C444A22D}"
EndProject
Project("{FAE04EC0-301F-11D3-BF4B-00C04F79EFBC}") = "Mondop.Data.Sql.Tests", "Mondop.Data.Sql.Tests\Mondop.Data.Sql.Tests.csproj", "{682C68C8-64C5-46C8-9DC7-8DCCBA798E3C}"
EndProject
Global
	GlobalSection(SolutionConfigurationPlatforms) = preSolution
		Debug|Any CPU = Debug|Any CPU
		Release|Any CPU = Release|Any CPU
	EndGlobalSection
	GlobalSection(ProjectConfigurationPlatforms) = postSolution
		{7BCECF22-361F-48E9-A006-D104C444A22D}.Debug|Any CPU.ActiveCfg = Debug|Any CPU
		{7BCECF22-361F-48E9-A006-D104C444A22D}.Debug|Any CPU.Build.0 = Debug|Any CPU
		{7BCECF22-361F-48E9-A006-D104C444A22D}.Release|Any CPU.ActiveCfg = Release|Any CPU
		{7BCECF22-361F-48E9-A006-D104C444A22D}.Release|Any CPU.Build.0 = Release|Any CPU
		{682C68C8-64C5-46C8-9DC7-8DCCBA798E3C}.Debug|Any CPU.ActiveCfg = Debug|Any CPU
		{682C68C8-64C5-46C8-9DC7-8DCCBA798E3C}.Debug|Any CPU.Build.0 = Debug|Any CPU
		{682C68C8-64C5-46C8-9DC7-8DCCBA798E3C}.Release|Any CPU.ActiveCfg = Release|Any CPU
		{682C68C8-64C5-46C8-9DC7-8DCCBA798E3C}.Release|Any CPU.Build.0 = Release|Any CPU
	EndGlobalSection
	GlobalSection(SolutionProperties) = preSolution
		HideSolutionNode = FALSE
	EndGlobalSection
	GlobalSection(ExtensibilityGlobals) = postSolution
		SolutionGuid = {2817D525-51B0-4B40-BEDA-0E3547211466}
	EndGlobalSection
EndGlobal
